// !$*UTF8*$!
{
	archiveVersion = 1;
	classes = {
	};
	objectVersion = 46;
	objects = {

/* Begin PBXBuildFile section */
		7129747019548422005A8C3D /* main.m in Sources */ = {isa = PBXBuildFile; fileRef = 7129746F19548422005A8C3D /* main.m */; };
		7129747319548422005A8C3D /* AppDelegate.m in Sources */ = {isa = PBXBuildFile; fileRef = 7129747219548422005A8C3D /* AppDelegate.m */; };
		7129747519548422005A8C3D /* Images.xcassets in Resources */ = {isa = PBXBuildFile; fileRef = 7129747419548422005A8C3D /* Images.xcassets */; };
		7129747819548422005A8C3D /* MainMenu.xib in Resources */ = {isa = PBXBuildFile; fileRef = 7129747619548422005A8C3D /* MainMenu.xib */; };
		7129748419548422005A8C3D /* JavaScriptObjCTestTests.m in Sources */ = {isa = PBXBuildFile; fileRef = 7129748319548422005A8C3D /* JavaScriptObjCTestTests.m */; };
		7129748E1954842E005A8C3D /* JavaScriptObjCTest.entitlements in Resources */ = {isa = PBXBuildFile; fileRef = 7129748D1954842E005A8C3D /* JavaScriptObjCTest.entitlements */; };
		71297491195484C9005A8C3D /* CustomJSObject.m in Sources */ = {isa = PBXBuildFile; fileRef = 71297490195484C9005A8C3D /* CustomJSObject.m */; };
/* End PBXBuildFile section */

/* Begin PBXContainerItemProxy section */
		7129747E19548422005A8C3D /* PBXContainerItemProxy */ = {
			isa = PBXContainerItemProxy;
			containerPortal = 7129746219548422005A8C3D /* Project object */;
			proxyType = 1;
			remoteGlobalIDString = 7129746919548422005A8C3D;
			remoteInfo = JavaScriptObjCTest;
		};
/* End PBXContainerItemProxy section */

/* Begin PBXFileReference section */
		7129746A19548422005A8C3D /* JavaScriptObjCTest.app */ = {isa = PBXFileReference; explicitFileType = wrapper.application; includeInIndex = 0; path = JavaScriptObjCTest.app; sourceTree = BUILT_PRODUCTS_DIR; };
		7129746E19548422005A8C3D /* Info.plist */ = {isa = PBXFileReference; lastKnownFileType = text.plist.xml; path = Info.plist; sourceTree = "<group>"; };
		7129746F19548422005A8C3D /* main.m */ = {isa = PBXFileReference; lastKnownFileType = sourcecode.c.objc; path = main.m; sourceTree = "<group>"; };
		7129747119548422005A8C3D /* AppDelegate.h */ = {isa = PBXFileReference; lastKnownFileType = sourcecode.c.h; path = AppDelegate.h; sourceTree = "<group>"; };
		7129747219548422005A8C3D /* AppDelegate.m */ = {isa = PBXFileReference; lastKnownFileType = sourcecode.c.objc; path = AppDelegate.m; sourceTree = "<group>"; };
		7129747419548422005A8C3D /* Images.xcassets */ = {isa = PBXFileReference; lastKnownFileType = folder.assetcatalog; path = Images.xcassets; sourceTree = "<group>"; };
		7129747719548422005A8C3D /* Base */ = {isa = PBXFileReference; lastKnownFileType = file.xib; name = Base; path = Base.lproj/MainMenu.xib; sourceTree = "<group>"; };
		7129747D19548422005A8C3D /* JavaScriptObjCTestTests.xctest */ = {isa = PBXFileReference; explicitFileType = wrapper.cfbundle; includeInIndex = 0; path = JavaScriptObjCTestTests.xctest; sourceTree = BUILT_PRODUCTS_DIR; };
		7129748219548422005A8C3D /* Info.plist */ = {isa = PBXFileReference; lastKnownFileType = text.plist.xml; path = Info.plist; sourceTree = "<group>"; };
		7129748319548422005A8C3D /* JavaScriptObjCTestTests.m */ = {isa = PBXFileReference; lastKnownFileType = sourcecode.c.objc; path = JavaScriptObjCTestTests.m; sourceTree = "<group>"; };
		7129748D1954842E005A8C3D /* JavaScriptObjCTest.entitlements */ = {isa = PBXFileReference; fileEncoding = 4; lastKnownFileType = text.xml; path = JavaScriptObjCTest.entitlements; sourceTree = "<group>"; };
		7129748F195484C9005A8C3D /* CustomJSObject.h */ = {isa = PBXFileReference; fileEncoding = 4; lastKnownFileType = sourcecode.c.h; path = CustomJSObject.h; sourceTree = "<group>"; };
		71297490195484C9005A8C3D /* CustomJSObject.m */ = {isa = PBXFileReference; fileEncoding = 4; lastKnownFileType = sourcecode.c.objc; path = CustomJSObject.m; sourceTree = "<group>"; };
/* End PBXFileReference section */

/* Begin PBXFrameworksBuildPhase section */
		7129746719548422005A8C3D /* Frameworks */ = {
			isa = PBXFrameworksBuildPhase;
			buildActionMask = 2147483647;
			files = (
			);
			runOnlyForDeploymentPostprocessing = 0;
		};
		7129747A19548422005A8C3D /* Frameworks */ = {
			isa = PBXFrameworksBuildPhase;
			buildActionMask = 2147483647;
			files = (
			);
			runOnlyForDeploymentPostprocessing = 0;
		};
/* End PBXFrameworksBuildPhase section */

/* Begin PBXGroup section */
		7129746119548422005A8C3D = {
			isa = PBXGroup;
			children = (
				7129746C19548422005A8C3D /* JavaScriptObjCTest */,
				7129748019548422005A8C3D /* JavaScriptObjCTestTests */,
				7129746B19548422005A8C3D /* Products */,
			);
			sourceTree = "<group>";
		};
		7129746B19548422005A8C3D /* Products */ = {
			isa = PBXGroup;
			children = (
				7129746A19548422005A8C3D /* JavaScriptObjCTest.app */,
				7129747D19548422005A8C3D /* JavaScriptObjCTestTests.xctest */,
			);
			name = Products;
			sourceTree = "<group>";
		};
		7129746C19548422005A8C3D /* JavaScriptObjCTest */ = {
			isa = PBXGroup;
			children = (
				7129747119548422005A8C3D /* AppDelegate.h */,
				7129747219548422005A8C3D /* AppDelegate.m */,
				7129748F195484C9005A8C3D /* CustomJSObject.h */,
				71297490195484C9005A8C3D /* CustomJSObject.m */,
				7129747419548422005A8C3D /* Images.xcassets */,
				7129747619548422005A8C3D /* MainMenu.xib */,
				7129746D19548422005A8C3D /* Supporting Files */,
			);
			path = JavaScriptObjCTest;
			sourceTree = "<group>";
		};
		7129746D19548422005A8C3D /* Supporting Files */ = {
			isa = PBXGroup;
			children = (
				7129748D1954842E005A8C3D /* JavaScriptObjCTest.entitlements */,
				7129746E19548422005A8C3D /* Info.plist */,
				7129746F19548422005A8C3D /* main.m */,
			);
			name = "Supporting Files";
			sourceTree = "<group>";
		};
		7129748019548422005A8C3D /* JavaScriptObjCTestTests */ = {
			isa = PBXGroup;
			children = (
				7129748319548422005A8C3D /* JavaScriptObjCTestTests.m */,
				7129748119548422005A8C3D /* Supporting Files */,
			);
			path = JavaScriptObjCTestTests;
			sourceTree = "<group>";
		};
		7129748119548422005A8C3D /* Supporting Files */ = {
			isa = PBXGroup;
			children = (
				7129748219548422005A8C3D /* Info.plist */,
			);
			name = "Supporting Files";
			sourceTree = "<group>";
		};
/* End PBXGroup section */

/* Begin PBXNativeTarget section */
		7129746919548422005A8C3D /* JavaScriptObjCTest */ = {
			isa = PBXNativeTarget;
			buildConfigurationList = 7129748719548422005A8C3D /* Build configuration list for PBXNativeTarget "JavaScriptObjCTest" */;
			buildPhases = (
				7129746619548422005A8C3D /* Sources */,
				7129746719548422005A8C3D /* Frameworks */,
				7129746819548422005A8C3D /* Resources */,
			);
			buildRules = (
			);
			dependencies = (
			);
			name = JavaScriptObjCTest;
			productName = JavaScriptObjCTest;
			productReference = 7129746A19548422005A8C3D /* JavaScriptObjCTest.app */;
			productType = "com.apple.product-type.application";
		};
		7129747C19548422005A8C3D /* JavaScriptObjCTestTests */ = {
			isa = PBXNativeTarget;
			buildConfigurationList = 7129748A19548422005A8C3D /* Build configuration list for PBXNativeTarget "JavaScriptObjCTestTests" */;
			buildPhases = (
				7129747919548422005A8C3D /* Sources */,
				7129747A19548422005A8C3D /* Frameworks */,
				7129747B19548422005A8C3D /* Resources */,
			);
			buildRules = (
			);
			dependencies = (
				7129747F19548422005A8C3D /* PBXTargetDependency */,
			);
			name = JavaScriptObjCTestTests;
			productName = JavaScriptObjCTestTests;
			productReference = 7129747D19548422005A8C3D /* JavaScriptObjCTestTests.xctest */;
			productType = "com.apple.product-type.bundle.unit-test";
		};
/* End PBXNativeTarget section */

/* Begin PBXProject section */
		7129746219548422005A8C3D /* Project object */ = {
			isa = PBXProject;
			attributes = {
				LastUpgradeCheck = 0600;
				ORGANIZATIONNAME = "Studio Luco";
				TargetAttributes = {
					7129746919548422005A8C3D = {
						CreatedOnToolsVersion = 6.0;
					};
					7129747C19548422005A8C3D = {
						CreatedOnToolsVersion = 6.0;
						TestTargetID = 7129746919548422005A8C3D;
					};
				};
			};
			buildConfigurationList = 7129746519548422005A8C3D /* Build configuration list for PBXProject "JavaScriptObjCTest" */;
			compatibilityVersion = "Xcode 3.2";
			developmentRegion = English;
			hasScannedForEncodings = 0;
			knownRegions = (
				en,
				Base,
			);
			mainGroup = 7129746119548422005A8C3D;
			productRefGroup = 7129746B19548422005A8C3D /* Products */;
			projectDirPath = "";
			projectRoot = "";
			targets = (
				7129746919548422005A8C3D /* JavaScriptObjCTest */,
				7129747C19548422005A8C3D /* JavaScriptObjCTestTests */,
			);
		};
/* End PBXProject section */

/* Begin PBXResourcesBuildPhase section */
		7129746819548422005A8C3D /* Resources */ = {
			isa = PBXResourcesBuildPhase;
			buildActionMask = 2147483647;
			files = (
				7129747519548422005A8C3D /* Images.xcassets in Resources */,
				7129747819548422005A8C3D /* MainMenu.xib in Resources */,
				7129748E1954842E005A8C3D /* JavaScriptObjCTest.entitlements in Resources */,
			);
			runOnlyForDeploymentPostprocessing = 0;
		};
		7129747B19548422005A8C3D /* Resources */ = {
			isa = PBXResourcesBuildPhase;
			buildActionMask = 2147483647;
			files = (
			);
			runOnlyForDeploymentPostprocessing = 0;
		};
/* End PBXResourcesBuildPhase section */

/* Begin PBXSourcesBuildPhase section */
		7129746619548422005A8C3D /* Sources */ = {
			isa = PBXSourcesBuildPhase;
			buildActionMask = 2147483647;
			files = (
				71297491195484C9005A8C3D /* CustomJSObject.m in Sources */,
				7129747319548422005A8C3D /* AppDelegate.m in Sources */,
				7129747019548422005A8C3D /* main.m in Sources */,
			);
			runOnlyForDeploymentPostprocessing = 0;
		};
		7129747919548422005A8C3D /* Sources */ = {
			isa = PBXSourcesBuildPhase;
			buildActionMask = 2147483647;
			files = (
				7129748419548422005A8C3D /* JavaScriptObjCTestTests.m in Sources */,
			);
			runOnlyForDeploymentPostprocessing = 0;
		};
/* End PBXSourcesBuildPhase section */

/* Begin PBXTargetDependency section */
		7129747F19548422005A8C3D /* PBXTargetDependency */ = {
			isa = PBXTargetDependency;
			target = 7129746919548422005A8C3D /* JavaScriptObjCTest */;
			targetProxy = 7129747E19548422005A8C3D /* PBXContainerItemProxy */;
		};
/* End PBXTargetDependency section */

/* Begin PBXVariantGroup section */
		7129747619548422005A8C3D /* MainMenu.xib */ = {
			isa = PBXVariantGroup;
			children = (
				7129747719548422005A8C3D /* Base */,
			);
			name = MainMenu.xib;
			sourceTree = "<group>";
		};
/* End PBXVariantGroup section */

/* Begin XCBuildConfiguration section */
		7129748519548422005A8C3D /* Debug */ = {
			isa = XCBuildConfiguration;
			buildSettings = {
				ALWAYS_SEARCH_USER_PATHS = NO;
				CLANG_CXX_LANGUAGE_STANDARD = "gnu++0x";
				CLANG_CXX_LIBRARY = "libc++";
				CLANG_ENABLE_MODULES = YES;
				CLANG_ENABLE_OBJC_ARC = YES;
				CLANG_WARN_BOOL_CONVERSION = YES;
				CLANG_WARN_CONSTANT_CONVERSION = YES;
				CLANG_WARN_DIRECT_OBJC_ISA_USAGE = YES_ERROR;
				CLANG_WARN_EMPTY_BODY = YES;
				CLANG_WARN_ENUM_CONVERSION = YES;
				CLANG_WARN_INT_CONVERSION = YES;
				CLANG_WARN_OBJC_ROOT_CLASS = YES_ERROR;
				CLANG_WARN_UNREACHABLE_CODE = YES;
				CLANG_WARN__DUPLICATE_METHOD_MATCH = YES;
				CODE_SIGN_IDENTITY = "-";
				COPY_PHASE_STRIP = NO;
				ENABLE_STRICT_OBJC_MSGSEND = YES;
				GCC_C_LANGUAGE_STANDARD = gnu99;
				GCC_DYNAMIC_NO_PIC = NO;
				GCC_OPTIMIZATION_LEVEL = 0;
				GCC_PREPROCESSOR_DEFINITIONS = (
					"DEBUG=1",
					"$(inherited)",
				);
				GCC_SYMBOLS_PRIVATE_EXTERN = NO;
				GCC_WARN_64_TO_32_BIT_CONVERSION = YES;
				GCC_WARN_ABOUT_RETURN_TYPE = YES_ERROR;
				GCC_WARN_UNDECLARED_SELECTOR = YES;
				GCC_WARN_UNINITIALIZED_AUTOS = YES_AGGRESSIVE;
				GCC_WARN_UNUSED_FUNCTION = YES;
				GCC_WARN_UNUSED_VARIABLE = YES;
				MACOSX_DEPLOYMENT_TARGET = 10.10;
				METAL_ENABLE_DEBUG_INFO = YES;
				ONLY_ACTIVE_ARCH = YES;
				SDKROOT = macosx;
			};
			name = Debug;
		};
		7129748619548422005A8C3D /* Release */ = {
			isa = XCBuildConfiguration;
			buildSettings = {
				ALWAYS_SEARCH_USER_PATHS = NO;
				CLANG_CXX_LANGUAGE_STANDARD = "gnu++0x";
				CLANG_CXX_LIBRARY = "libc++";
				CLANG_ENABLE_MODULES = YES;
				CLANG_ENABLE_OBJC_ARC = YES;
				CLANG_WARN_BOOL_CONVERSION = YES;
				CLANG_WARN_CONSTANT_CONVERSION = YES;
				CLANG_WARN_DIRECT_OBJC_ISA_USAGE = YES_ERROR;
				CLANG_WARN_EMPTY_BODY = YES;
				CLANG_WARN_ENUM_CONVERSION = YES;
				CLANG_WARN_INT_CONVERSION = YES;
				CLANG_WARN_OBJC_ROOT_CLASS = YES_ERROR;
				CLANG_WARN_UNREACHABLE_CODE = YES;
				CLANG_WARN__DUPLICATE_METHOD_MATCH = YES;
				CODE_SIGN_IDENTITY = "-";
				COPY_PHASE_STRIP = YES;
				DEBUG_INFORMATION_FORMAT = "dwarf-with-dsym";
				ENABLE_NS_ASSERTIONS = NO;
				ENABLE_STRICT_OBJC_MSGSEND = YES;
				GCC_C_LANGUAGE_STANDARD = gnu99;
				GCC_WARN_64_TO_32_BIT_CONVERSION = YES;
				GCC_WARN_ABOUT_RETURN_TYPE = YES_ERROR;
				GCC_WARN_UNDECLARED_SELECTOR = YES;
				GCC_WARN_UNINITIALIZED_AUTOS = YES_AGGRESSIVE;
				GCC_WARN_UNUSED_FUNCTION = YES;
				GCC_WARN_UNUSED_VARIABLE = YES;
				MACOSX_DEPLOYMENT_TARGET = 10.10;
				METAL_ENABLE_DEBUG_INFO = NO;
				SDKROOT = macosx;
			};
			name = Release;
		};
		7129748819548422005A8C3D /* Debug */ = {
			isa = XCBuildConfiguration;
			buildSettings = {
				ASSETCATALOG_COMPILER_APPICON_NAME = AppIcon;
				CODE_SIGN_ENTITLEMENTS = JavaScriptObjCTest/JavaScriptObjCTest.entitlements;
				COMBINE_HIDPI_IMAGES = YES;
				INFOPLIST_FILE = JavaScriptObjCTest/Info.plist;
				LD_RUNPATH_SEARCH_PATHS = "$(inherited) @executable_path/../Frameworks";
				PRODUCT_NAME = "$(TARGET_NAME)";
			};
			name = Debug;
		};
		7129748919548422005A8C3D /* Release */ = {
			isa = XCBuildConfiguration;
			buildSettings = {
				ASSETCATALOG_COMPILER_APPICON_NAME = AppIcon;
				CODE_SIGN_ENTITLEMENTS = JavaScriptObjCTest/JavaScriptObjCTest.entitlements;
				COMBINE_HIDPI_IMAGES = YES;
				INFOPLIST_FILE = JavaScriptObjCTest/Info.plist;
				LD_RUNPATH_SEARCH_PATHS = "$(inherited) @executable_path/../Frameworks";
				PRODUCT_NAME = "$(TARGET_NAME)";
			};
			name = Release;
		};
		7129748B19548422005A8C3D /* Debug */ = {
			isa = XCBuildConfiguration;
			buildSettings = {
				BUNDLE_LOADER = "$(BUILT_PRODUCTS_DIR)/JavaScriptObjCTest.app/Contents/MacOS/JavaScriptObjCTest";
				COMBINE_HIDPI_IMAGES = YES;
				FRAMEWORK_SEARCH_PATHS = (
					"$(DEVELOPER_FRAMEWORKS_DIR)",
					"$(inherited)",
				);
				GCC_PREPROCESSOR_DEFINITIONS = (
					"DEBUG=1",
					"$(inherited)",
				);
				INFOPLIST_FILE = JavaScriptObjCTestTests/Info.plist;
				LD_RUNPATH_SEARCH_PATHS = "$(inherited) @executable_path/../Frameworks @loader_path/../Frameworks";
				METAL_ENABLE_DEBUG_INFO = YES;
				PRODUCT_NAME = "$(TARGET_NAME)";
				TEST_HOST = "$(BUNDLE_LOADER)";
			};
			name = Debug;
		};
		7129748C19548422005A8C3D /* Release */ = {
			isa = XCBuildConfiguration;
			buildSettings = {
				BUNDLE_LOADER = "$(BUILT_PRODUCTS_DIR)/JavaScriptObjCTest.app/Contents/MacOS/JavaScriptObjCTest";
				COMBINE_HIDPI_IMAGES = YES;
				FRAMEWORK_SEARCH_PATHS = (
					"$(DEVELOPER_FRAMEWORKS_DIR)",
					"$(inherited)",
				);
				INFOPLIST_FILE = JavaScriptObjCTestTests/Info.plist;
				LD_RUNPATH_SEARCH_PATHS = "$(inherited) @executable_path/../Frameworks @loader_path/../Frameworks";
				METAL_ENABLE_DEBUG_INFO = NO;
				PRODUCT_NAME = "$(TARGET_NAME)";
				TEST_HOST = "$(BUNDLE_LOADER)";
			};
			name = Release;
		};
/* End XCBuildConfiguration section */

/* Begin XCConfigurationList section */
		7129746519548422005A8C3D /* Build configuration list for PBXProject "JavaScriptObjCTest" */ = {
			isa = XCConfigurationList;
			buildConfigurations = (
				7129748519548422005A8C3D /* Debug */,
				7129748619548422005A8C3D /* Release */,
			);
			defaultConfigurationIsVisible = 0;
			defaultConfigurationName = Release;
		};
		7129748719548422005A8C3D /* Build configuration list for PBXNativeTarget "JavaScriptObjCTest" */ = {
			isa = XCConfigurationList;
			buildConfigurations = (
				7129748819548422005A8C3D /* Debug */,
				7129748919548422005A8C3D /* Release */,
			);
			defaultConfigurationIsVisible = 0;
		};
		7129748A19548422005A8C3D /* Build configuration list for PBXNativeTarget "JavaScriptObjCTestTests" */ = {
			isa = XCConfigurationList;
			buildConfigurations = (
				7129748B19548422005A8C3D /* Debug */,
				7129748C19548422005A8C3D /* Release */,
			);
			defaultConfigurationIsVisible = 0;
		};
/* End XCConfigurationList section */
	};
	rootObject = 7129746219548422005A8C3D /* Project object */;
}
